
Microsoft Visual Studio Solution File, Format Version 12.00
# Visual Studio 15
VisualStudioVersion = 15.0.27703.2042
MinimumVisualStudioVersion = 10.0.40219.1
Project("{FAE04EC0-301F-11D3-BF4B-00C04F79EFBC}") = "Rest-ASPNet", "Rest-ASPNet\Rest-ASPNet.csproj", "{0CCBF9DF-9819-40E3-8B53-16FFB700B99A}"
EndProject
Global
	GlobalSection(SolutionConfigurationPlatforms) = preSolution
		Debug|Any CPU = Debug|Any CPU
		Release|Any CPU = Release|Any CPU
	EndGlobalSection
	GlobalSection(ProjectConfigurationPlatforms) = postSolution
		{0CCBF9DF-9819-40E3-8B53-16FFB700B99A}.Debug|Any CPU.ActiveCfg = Debug|Any CPU
		{0CCBF9DF-9819-40E3-8B53-16FFB700B99A}.Debug|Any CPU.Build.0 = Debug|Any CPU
		{0CCBF9DF-9819-40E3-8B53-16FFB700B99A}.Release|Any CPU.ActiveCfg = Release|Any CPU
		{0CCBF9DF-9819-40E3-8B53-16FFB700B99A}.Release|Any CPU.Build.0 = Release|Any CPU
	EndGlobalSection
	GlobalSection(SolutionProperties) = preSolution
		HideSolutionNode = FALSE
	EndGlobalSection
	GlobalSection(ExtensibilityGlobals) = postSolution
		SolutionGuid = {4B520C23-23D5-49B9-9D87-4D3D358F597C}
	EndGlobalSection
EndGlobal
